
Microsoft Visual Studio Solution File, Format Version 12.00
# Visual Studio Version 16
VisualStudioVersion = 16.0.30804.86
MinimumVisualStudioVersion = 10.0.40219.1
Project("{FAE04EC0-301F-11D3-BF4B-00C04F79EFBC}") = "Back-end", "Back-end\Back-end.csproj", "{0A33E81A-3CE5-4C4B-8826-1D556704EF85}"
EndProject
Global
	GlobalSection(SolutionConfigurationPlatforms) = preSolution
		Debug|Any CPU = Debug|Any CPU
		Release|Any CPU = Release|Any CPU
	EndGlobalSection
	GlobalSection(ProjectConfigurationPlatforms) = postSolution
		{0A33E81A-3CE5-4C4B-8826-1D556704EF85}.Debug|Any CPU.ActiveCfg = Debug|Any CPU
		{0A33E81A-3CE5-4C4B-8826-1D556704EF85}.Debug|Any CPU.Build.0 = Debug|Any CPU
		{0A33E81A-3CE5-4C4B-8826-1D556704EF85}.Release|Any CPU.ActiveCfg = Release|Any CPU
		{0A33E81A-3CE5-4C4B-8826-1D556704EF85}.Release|Any CPU.Build.0 = Release|Any CPU
	EndGlobalSection
	GlobalSection(SolutionProperties) = preSolution
		HideSolutionNode = FALSE
	EndGlobalSection
	GlobalSection(ExtensibilityGlobals) = postSolution
		SolutionGuid = {AEBA095A-1CB5-493D-99F7-49B5E8497B54}
	EndGlobalSection
EndGlobal
